{
  "version": "3",
  "remote": {
    "https://cdn.skypack.dev/-/@pdf-lib/fontkit@v1.1.1-DGmhZ2Iq2XqPukNanNyJ/dist=es2019,mode=imports/optimized/@pdf-lib/fontkit.js": "b57208deafc25cf05b53893846a4473fa173050f2353413acaece4ea1c35a495",
    "https://cdn.skypack.dev/-/@pdf-lib/standard-fonts@v1.0.0-Z8Dxw2SAoP39vRoTIKF1/dist=es2019,mode=imports/optimized/@pdf-lib/standard-fonts.js": "7e7233fe50eff7cdacd5dfe148b2e8793ef2c0aacd1b09d09d74fa71ea588eac",
    "https://cdn.skypack.dev/-/@pdf-lib/upng@v1.0.1-cDyYONcMEAs6JipZyc8F/dist=es2019,mode=imports/optimized/@pdf-lib/upng.js": "c1fa7f102bc8ece5a18e22f27a18929143c4bba9735b24ea23b0b0d8eaa8cd53",
    "https://cdn.skypack.dev/-/pako@v1.0.11-HN3j6r6YXxSYMQQ5YY76/dist=es2019,mode=imports/optimized/pako.js": "cb928ba393bdb8c8b9b6509a68975a00e43780ed2424bf0c6e020890dc546e4b",
    "https://cdn.skypack.dev/-/pdf-lib@v1.17.1-P8YmSI9gov9vMnrV7v2f/dist=es2019,mode=imports/optimized/pdf-lib.js": "ce55a997148b41a520719255d57af560fd269685241031d2502f0c7583d690b2",
    "https://cdn.skypack.dev/-/tslib@v1.14.1-mWTe8wftGbG1xYC8gPyw/dist=es2019,mode=imports/optimized/tslib.js": "bde9e42ab1dee8764c8fef53a8165ab516af507bd5a6e120aae6d0922925ba74",
    "https://cdn.skypack.dev/@pdf-lib/fontkit@^1.0.0?dts": "85caaf10f55c77ea397c148b569166a47cac6ff99101a68c75dfea0461506005",
    "https://cdn.skypack.dev/pdf-lib@^1.7.0": "11ccb0b2660b159faec9facfc77e47ad78e1d1ee41805f007b4dd11b62095e05"
  }
}
